
Microsoft Visual Studio Solution File, Format Version 12.00
# Visual Studio Version 16
VisualStudioVersion = 16.0.31205.134
MinimumVisualStudioVersion = 10.0.40219.1
Project("{FAE04EC0-301F-11D3-BF4B-00C04F79EFBC}") = "buscaCEP.UWP", "buscaCEP\buscaCEP.UWP\buscaCEP.UWP.csproj", "{743D484A-E5D8-4B1A-BC4E-9B70D935D43E}"
EndProject
Project("{FAE04EC0-301F-11D3-BF4B-00C04F79EFBC}") = "buscaCEP.Android", "buscaCEP\buscaCEP.Android\buscaCEP.Android.csproj", "{AB0CD341-5426-4776-A0A4-23DC042B3555}"
EndProject
Project("{FAE04EC0-301F-11D3-BF4B-00C04F79EFBC}") = "buscaCEP.iOS", "buscaCEP\buscaCEP.iOS\buscaCEP.iOS.csproj", "{1470644E-2643-4CFF-B459-749FE0BCF8AE}"
EndProject
Project("{FAE04EC0-301F-11D3-BF4B-00C04F79EFBC}") = "buscaCEP", "buscaCEP\buscaCEP\buscaCEP.csproj", "{3A255BAB-9E27-44B3-BE21-F6A5BD80F2BB}"
EndProject
Global
	GlobalSection(SolutionConfigurationPlatforms) = preSolution
		Debug|Any CPU = Debug|Any CPU
		Debug|ARM = Debug|ARM
		Debug|iPhone = Debug|iPhone
		Debug|iPhoneSimulator = Debug|iPhoneSimulator
		Debug|x64 = Debug|x64
		Debug|x86 = Debug|x86
		Release|Any CPU = Release|Any CPU
		Release|ARM = Release|ARM
		Release|iPhone = Release|iPhone
		Release|iPhoneSimulator = Release|iPhoneSimulator
		Release|x64 = Release|x64
		Release|x86 = Release|x86
	EndGlobalSection
	GlobalSection(ProjectConfigurationPlatforms) = postSolution
		{743D484A-E5D8-4B1A-BC4E-9B70D935D43E}.Debug|Any CPU.ActiveCfg = Debug|x86
		{743D484A-E5D8-4B1A-BC4E-9B70D935D43E}.Debug|Any CPU.Build.0 = Debug|x86
		{743D484A-E5D8-4B1A-BC4E-9B70D935D43E}.Debug|Any CPU.Deploy.0 = Debug|x86
		{743D484A-E5D8-4B1A-BC4E-9B70D935D43E}.Debug|ARM.ActiveCfg = Debug|ARM
		{743D484A-E5D8-4B1A-BC4E-9B70D935D43E}.Debug|ARM.Build.0 = Debug|ARM
		{743D484A-E5D8-4B1A-BC4E-9B70D935D43E}.Debug|ARM.Deploy.0 = Debug|ARM
		{743D484A-E5D8-4B1A-BC4E-9B70D935D43E}.Debug|iPhone.ActiveCfg = Debug|x86
		{743D484A-E5D8-4B1A-BC4E-9B70D935D43E}.Debug|iPhone.Build.0 = Debug|x86
		{743D484A-E5D8-4B1A-BC4E-9B70D935D43E}.Debug|iPhone.Deploy.0 = Debug|x86
		{743D484A-E5D8-4B1A-BC4E-9B70D935D43E}.Debug|iPhoneSimulator.ActiveCfg = Debug|x86
		{743D484A-E5D8-4B1A-BC4E-9B70D935D43E}.Debug|iPhoneSimulator.Build.0 = Debug|x86
		{743D484A-E5D8-4B1A-BC4E-9B70D935D43E}.Debug|iPhoneSimulator.Deploy.0 = Debug|x86
		{743D484A-E5D8-4B1A-BC4E-9B70D935D43E}.Debug|x64.ActiveCfg = Debug|x64
		{743D484A-E5D8-4B1A-BC4E-9B70D935D43E}.Debug|x64.Build.0 = Debug|x64
		{743D484A-E5D8-4B1A-BC4E-9B70D935D43E}.Debug|x64.Deploy.0 = Debug|x64
		{743D484A-E5D8-4B1A-BC4E-9B70D935D43E}.Debug|x86.ActiveCfg = Debug|x86
		{743D484A-E5D8-4B1A-BC4E-9B70D935D43E}.Debug|x86.Build.0 = Debug|x86
		{743D484A-E5D8-4B1A-BC4E-9B70D935D43E}.Debug|x86.Deploy.0 = Debug|x86
		{743D484A-E5D8-4B1A-BC4E-9B70D935D43E}.Release|Any CPU.ActiveCfg = Release|x86
		{743D484A-E5D8-4B1A-BC4E-9B70D935D43E}.Release|Any CPU.Build.0 = Release|x86
		{743D484A-E5D8-4B1A-BC4E-9B70D935D43E}.Release|Any CPU.Deploy.0 = Release|x86
		{743D484A-E5D8-4B1A-BC4E-9B70D935D43E}.Release|ARM.ActiveCfg = Release|ARM
		{743D484A-E5D8-4B1A-BC4E-9B70D935D43E}.Release|ARM.Build.0 = Release|ARM
		{743D484A-E5D8-4B1A-BC4E-9B70D935D43E}.Release|ARM.Deploy.0 = Release|ARM
		{743D484A-E5D8-4B1A-BC4E-9B70D935D43E}.Release|iPhone.ActiveCfg = Release|x86
		{743D484A-E5D8-4B1A-BC4E-9B70D935D43E}.Release|iPhone.Build.0 = Release|x86
		{743D484A-E5D8-4B1A-BC4E-9B70D935D43E}.Release|iPhone.Deploy.0 = Release|x86
		{743D484A-E5D8-4B1A-BC4E-9B70D935D43E}.Release|iPhoneSimulator.ActiveCfg = Release|x86
		{743D484A-E5D8-4B1A-BC4E-9B70D935D43E}.Release|iPhoneSimulator.Build.0 = Release|x86
		{743D484A-E5D8-4B1A-BC4E-9B70D935D43E}.Release|iPhoneSimulator.Deploy.0 = Release|x86
		{743D484A-E5D8-4B1A-BC4E-9B70D935D43E}.Release|x64.ActiveCfg = Release|x64
		{743D484A-E5D8-4B1A-BC4E-9B70D935D43E}.Release|x64.Build.0 = Release|x64
		{743D484A-E5D8-4B1A-BC4E-9B70D935D43E}.Release|x64.Deploy.0 = Release|x64
		{743D484A-E5D8-4B1A-BC4E-9B70D935D43E}.Release|x86.ActiveCfg = Release|x86
		{743D484A-E5D8-4B1A-BC4E-9B70D935D43E}.Release|x86.Build.0 = Release|x86
		{743D484A-E5D8-4B1A-BC4E-9B70D935D43E}.Release|x86.Deploy.0 = Release|x86
		{AB0CD341-5426-4776-A0A4-23DC042B3555}.Debug|Any CPU.ActiveCfg = Debug|Any CPU
		{AB0CD341-5426-4776-A0A4-23DC042B3555}.Debug|Any CPU.Build.0 = Debug|Any CPU
		{AB0CD341-5426-4776-A0A4-23DC042B3555}.Debug|Any CPU.Deploy.0 = Debug|Any CPU
		{AB0CD341-5426-4776-A0A4-23DC042B3555}.Debug|ARM.ActiveCfg = Debug|Any CPU
		{AB0CD341-5426-4776-A0A4-23DC042B3555}.Debug|ARM.Build.0 = Debug|Any CPU
		{AB0CD341-5426-4776-A0A4-23DC042B3555}.Debug|ARM.Deploy.0 = Debug|Any CPU
		{AB0CD341-5426-4776-A0A4-23DC042B3555}.Debug|iPhone.ActiveCfg = Debug|Any CPU
		{AB0CD341-5426-4776-A0A4-23DC042B3555}.Debug|iPhone.Build.0 = Debug|Any CPU
		{AB0CD341-5426-4776-A0A4-23DC042B3555}.Debug|iPhone.Deploy.0 = Debug|Any CPU
		{AB0CD341-5426-4776-A0A4-23DC042B3555}.Debug|iPhoneSimulator.ActiveCfg = Debug|Any CPU
		{AB0CD341-5426-4776-A0A4-23DC042B3555}.Debug|iPhoneSimulator.Build.0 = Debug|Any CPU
		{AB0CD341-5426-4776-A0A4-23DC042B3555}.Debug|iPhoneSimulator.Deploy.0 = Debug|Any CPU
		{AB0CD341-5426-4776-A0A4-23DC042B3555}.Debug|x64.ActiveCfg = Debug|Any CPU
		{AB0CD341-5426-4776-A0A4-23DC042B3555}.Debug|x64.Build.0 = Debug|Any CPU
		{AB0CD341-5426-4776-A0A4-23DC042B3555}.Debug|x64.Deploy.0 = Debug|Any CPU
		{AB0CD341-5426-4776-A0A4-23DC042B3555}.Debug|x86.ActiveCfg = Debug|Any CPU
		{AB0CD341-5426-4776-A0A4-23DC042B3555}.Debug|x86.Build.0 = Debug|Any CPU
		{AB0CD341-5426-4776-A0A4-23DC042B3555}.Debug|x86.Deploy.0 = Debug|Any CPU
		{AB0CD341-5426-4776-A0A4-23DC042B3555}.Release|Any CPU.ActiveCfg = Release|Any CPU
		{AB0CD341-5426-4776-A0A4-23DC042B3555}.Release|Any CPU.Build.0 = Release|Any CPU
		{AB0CD341-5426-4776-A0A4-23DC042B3555}.Release|Any CPU.Deploy.0 = Release|Any CPU
		{AB0CD341-5426-4776-A0A4-23DC042B3555}.Release|ARM.ActiveCfg = Release|Any CPU
		{AB0CD341-5426-4776-A0A4-23DC042B3555}.Release|ARM.Build.0 = Release|Any CPU
		{AB0CD341-5426-4776-A0A4-23DC042B3555}.Release|ARM.Deploy.0 = Release|Any CPU
		{AB0CD341-5426-4776-A0A4-23DC042B3555}.Release|iPhone.ActiveCfg = Release|Any CPU
		{AB0CD341-5426-4776-A0A4-23DC042B3555}.Release|iPhone.Build.0 = Release|Any CPU
		{AB0CD341-5426-4776-A0A4-23DC042B3555}.Release|iPhone.Deploy.0 = Release|Any CPU
		{AB0CD341-5426-4776-A0A4-23DC042B3555}.Release|iPhoneSimulator.ActiveCfg = Release|Any CPU
		{AB0CD341-5426-4776-A0A4-23DC042B3555}.Release|iPhoneSimulator.Build.0 = Release|Any CPU
		{AB0CD341-5426-4776-A0A4-23DC042B3555}.Release|iPhoneSimulator.Deploy.0 = Release|Any CPU
		{AB0CD341-5426-4776-A0A4-23DC042B3555}.Release|x64.ActiveCfg = Release|Any CPU
		{AB0CD341-5426-4776-A0A4-23DC042B3555}.Release|x64.Build.0 = Release|Any CPU
		{AB0CD341-5426-4776-A0A4-23DC042B3555}.Release|x64.Deploy.0 = Release|Any CPU
		{AB0CD341-5426-4776-A0A4-23DC042B3555}.Release|x86.ActiveCfg = Release|Any CPU
		{AB0CD341-5426-4776-A0A4-23DC042B3555}.Release|x86.Build.0 = Release|Any CPU
		{AB0CD341-5426-4776-A0A4-23DC042B3555}.Release|x86.Deploy.0 = Release|Any CPU
		{1470644E-2643-4CFF-B459-749FE0BCF8AE}.Debug|Any CPU.ActiveCfg = Debug|iPhoneSimulator
		{1470644E-2643-4CFF-B459-749FE0BCF8AE}.Debug|Any CPU.Build.0 = Debug|iPhoneSimulator
		{1470644E-2643-4CFF-B459-749FE0BCF8AE}.Debug|Any CPU.Deploy.0 = Debug|iPhoneSimulator
		{1470644E-2643-4CFF-B459-749FE0BCF8AE}.Debug|ARM.ActiveCfg = Debug|iPhone
		{1470644E-2643-4CFF-B459-749FE0BCF8AE}.Debug|ARM.Build.0 = Debug|iPhone
		{1470644E-2643-4CFF-B459-749FE0BCF8AE}.Debug|ARM.Deploy.0 = Debug|iPhone
		{1470644E-2643-4CFF-B459-749FE0BCF8AE}.Debug|iPhone.ActiveCfg = Debug|iPhone
		{1470644E-2643-4CFF-B459-749FE0BCF8AE}.Debug|iPhone.Build.0 = Debug|iPhone
		{1470644E-2643-4CFF-B459-749FE0BCF8AE}.Debug|iPhone.Deploy.0 = Debug|iPhone
		{1470644E-2643-4CFF-B459-749FE0BCF8AE}.Debug|iPhoneSimulator.ActiveCfg = Debug|iPhoneSimulator
		{1470644E-2643-4CFF-B459-749FE0BCF8AE}.Debug|iPhoneSimulator.Build.0 = Debug|iPhoneSimulator
		{1470644E-2643-4CFF-B459-749FE0BCF8AE}.Debug|iPhoneSimulator.Deploy.0 = Debug|iPhoneSimulator
		{1470644E-2643-4CFF-B459-749FE0BCF8AE}.Debug|x64.ActiveCfg = Debug|iPhoneSimulator
		{1470644E-2643-4CFF-B459-749FE0BCF8AE}.Debug|x64.Build.0 = Debug|iPhoneSimulator
		{1470644E-2643-4CFF-B459-749FE0BCF8AE}.Debug|x64.Deploy.0 = Debug|iPhoneSimulator
		{1470644E-2643-4CFF-B459-749FE0BCF8AE}.Debug|x86.ActiveCfg = Debug|iPhoneSimulator
		{1470644E-2643-4CFF-B459-749FE0BCF8AE}.Debug|x86.Build.0 = Debug|iPhoneSimulator
		{1470644E-2643-4CFF-B459-749FE0BCF8AE}.Debug|x86.Deploy.0 = Debug|iPhoneSimulator
		{1470644E-2643-4CFF-B459-749FE0BCF8AE}.Release|Any CPU.ActiveCfg = Release|iPhoneSimulator
		{1470644E-2643-4CFF-B459-749FE0BCF8AE}.Release|Any CPU.Build.0 = Release|iPhoneSimulator
		{1470644E-2643-4CFF-B459-749FE0BCF8AE}.Release|Any CPU.Deploy.0 = Release|iPhoneSimulator
		{1470644E-2643-4CFF-B459-749FE0BCF8AE}.Release|ARM.ActiveCfg = Release|iPhoneSimulator
		{1470644E-2643-4CFF-B459-749FE0BCF8AE}.Release|ARM.Build.0 = Release|iPhoneSimulator
		{1470644E-2643-4CFF-B459-749FE0BCF8AE}.Release|ARM.Deploy.0 = Release|iPhoneSimulator
		{1470644E-2643-4CFF-B459-749FE0BCF8AE}.Release|iPhone.ActiveCfg = Release|iPhone
		{1470644E-2643-4CFF-B459-749FE0BCF8AE}.Release|iPhone.Build.0 = Release|iPhone
		{1470644E-2643-4CFF-B459-749FE0BCF8AE}.Release|iPhone.Deploy.0 = Release|iPhone
		{1470644E-2643-4CFF-B459-749FE0BCF8AE}.Release|iPhoneSimulator.ActiveCfg = Release|iPhoneSimulator
		{1470644E-2643-4CFF-B459-749FE0BCF8AE}.Release|iPhoneSimulator.Build.0 = Release|iPhoneSimulator
		{1470644E-2643-4CFF-B459-749FE0BCF8AE}.Release|iPhoneSimulator.Deploy.0 = Release|iPhoneSimulator
		{1470644E-2643-4CFF-B459-749FE0BCF8AE}.Release|x64.ActiveCfg = Release|iPhoneSimulator
		{1470644E-2643-4CFF-B459-749FE0BCF8AE}.Release|x64.Build.0 = Release|iPhoneSimulator
		{1470644E-2643-4CFF-B459-749FE0BCF8AE}.Release|x64.Deploy.0 = Release|iPhoneSimulator
		{1470644E-2643-4CFF-B459-749FE0BCF8AE}.Release|x86.ActiveCfg = Release|iPhoneSimulator
		{1470644E-2643-4CFF-B459-749FE0BCF8AE}.Release|x86.Build.0 = Release|iPhoneSimulator
		{1470644E-2643-4CFF-B459-749FE0BCF8AE}.Release|x86.Deploy.0 = Release|iPhoneSimulator
		{3A255BAB-9E27-44B3-BE21-F6A5BD80F2BB}.Debug|Any CPU.ActiveCfg = Debug|Any CPU
		{3A255BAB-9E27-44B3-BE21-F6A5BD80F2BB}.Debug|Any CPU.Build.0 = Debug|Any CPU
		{3A255BAB-9E27-44B3-BE21-F6A5BD80F2BB}.Debug|Any CPU.Deploy.0 = Debug|Any CPU
		{3A255BAB-9E27-44B3-BE21-F6A5BD80F2BB}.Debug|ARM.ActiveCfg = Debug|Any CPU
		{3A255BAB-9E27-44B3-BE21-F6A5BD80F2BB}.Debug|ARM.Build.0 = Debug|Any CPU
		{3A255BAB-9E27-44B3-BE21-F6A5BD80F2BB}.Debug|ARM.Deploy.0 = Debug|Any CPU
		{3A255BAB-9E27-44B3-BE21-F6A5BD80F2BB}.Debug|iPhone.ActiveCfg = Debug|Any CPU
		{3A255BAB-9E27-44B3-BE21-F6A5BD80F2BB}.Debug|iPhone.Build.0 = Debug|Any CPU
		{3A255BAB-9E27-44B3-BE21-F6A5BD80F2BB}.Debug|iPhone.Deploy.0 = Debug|Any CPU
		{3A255BAB-9E27-44B3-BE21-F6A5BD80F2BB}.Debug|iPhoneSimulator.ActiveCfg = Debug|Any CPU
		{3A255BAB-9E27-44B3-BE21-F6A5BD80F2BB}.Debug|iPhoneSimulator.Build.0 = Debug|Any CPU
		{3A255BAB-9E27-44B3-BE21-F6A5BD80F2BB}.Debug|iPhoneSimulator.Deploy.0 = Debug|Any CPU
		{3A255BAB-9E27-44B3-BE21-F6A5BD80F2BB}.Debug|x64.ActiveCfg = Debug|Any CPU
		{3A255BAB-9E27-44B3-BE21-F6A5BD80F2BB}.Debug|x64.Build.0 = Debug|Any CPU
		{3A255BAB-9E27-44B3-BE21-F6A5BD80F2BB}.Debug|x64.Deploy.0 = Debug|Any CPU
		{3A255BAB-9E27-44B3-BE21-F6A5BD80F2BB}.Debug|x86.ActiveCfg = Debug|Any CPU
		{3A255BAB-9E27-44B3-BE21-F6A5BD80F2BB}.Debug|x86.Build.0 = Debug|Any CPU
		{3A255BAB-9E27-44B3-BE21-F6A5BD80F2BB}.Debug|x86.Deploy.0 = Debug|Any CPU
		{3A255BAB-9E27-44B3-BE21-F6A5BD80F2BB}.Release|Any CPU.ActiveCfg = Release|Any CPU
		{3A255BAB-9E27-44B3-BE21-F6A5BD80F2BB}.Release|Any CPU.Build.0 = Release|Any CPU
		{3A255BAB-9E27-44B3-BE21-F6A5BD80F2BB}.Release|Any CPU.Deploy.0 = Release|Any CPU
		{3A255BAB-9E27-44B3-BE21-F6A5BD80F2BB}.Release|ARM.ActiveCfg = Release|Any CPU
		{3A255BAB-9E27-44B3-BE21-F6A5BD80F2BB}.Release|ARM.Build.0 = Release|Any CPU
		{3A255BAB-9E27-44B3-BE21-F6A5BD80F2BB}.Release|ARM.Deploy.0 = Release|Any CPU
		{3A255BAB-9E27-44B3-BE21-F6A5BD80F2BB}.Release|iPhone.ActiveCfg = Release|Any CPU
		{3A255BAB-9E27-44B3-BE21-F6A5BD80F2BB}.Release|iPhone.Build.0 = Release|Any CPU
		{3A255BAB-9E27-44B3-BE21-F6A5BD80F2BB}.Release|iPhone.Deploy.0 = Release|Any CPU
		{3A255BAB-9E27-44B3-BE21-F6A5BD80F2BB}.Release|iPhoneSimulator.ActiveCfg = Release|Any CPU
		{3A255BAB-9E27-44B3-BE21-F6A5BD80F2BB}.Release|iPhoneSimulator.Build.0 = Release|Any CPU
		{3A255BAB-9E27-44B3-BE21-F6A5BD80F2BB}.Release|iPhoneSimulator.Deploy.0 = Release|Any CPU
		{3A255BAB-9E27-44B3-BE21-F6A5BD80F2BB}.Release|x64.ActiveCfg = Release|Any CPU
		{3A255BAB-9E27-44B3-BE21-F6A5BD80F2BB}.Release|x64.Build.0 = Release|Any CPU
		{3A255BAB-9E27-44B3-BE21-F6A5BD80F2BB}.Release|x64.Deploy.0 = Release|Any CPU
		{3A255BAB-9E27-44B3-BE21-F6A5BD80F2BB}.Release|x86.ActiveCfg = Release|Any CPU
		{3A255BAB-9E27-44B3-BE21-F6A5BD80F2BB}.Release|x86.Build.0 = Release|Any CPU
		{3A255BAB-9E27-44B3-BE21-F6A5BD80F2BB}.Release|x86.Deploy.0 = Release|Any CPU
	EndGlobalSection
	GlobalSection(SolutionProperties) = preSolution
		HideSolutionNode = FALSE
	EndGlobalSection
	GlobalSection(ExtensibilityGlobals) = postSolution
		SolutionGuid = {EA7BE240-8BE8-435F-847E-8695D3980E47}
	EndGlobalSection
EndGlobal
